
Microsoft Visual Studio Solution File, Format Version 12.00
# Visual Studio 14
VisualStudioVersion = 14.0.25123.0
MinimumVisualStudioVersion = 10.0.40219.1
Project("{FAE04EC0-301F-11D3-BF4B-00C04F79EFBC}") = "FitToSize.Droid", "FitToSize\FitToSize.Droid\FitToSize.Droid.csproj", "{1BED9F6B-6A6D-4403-B948-C5D018362CBC}"
EndProject
Project("{FAE04EC0-301F-11D3-BF4B-00C04F79EFBC}") = "FitToSize.iOS", "FitToSize\FitToSize.iOS\FitToSize.iOS.csproj", "{BEEE4889-4AAF-4A7A-B6E7-692D8F65D636}"
EndProject
Project("{FAE04EC0-301F-11D3-BF4B-00C04F79EFBC}") = "FitToSize.WinPhone", "FitToSize\FitToSize.WinPhone\FitToSize.WinPhone.csproj", "{33BDB8C7-ADB0-492A-9710-885F095D6B10}"
EndProject
Project("{FAE04EC0-301F-11D3-BF4B-00C04F79EFBC}") = "FitToSize.UWP", "FitToSize\FitToSize.UWP\FitToSize.UWP.csproj", "{95AB506C-0835-4C16-BCB0-020122109F57}"
EndProject
Project("{FAE04EC0-301F-11D3-BF4B-00C04F79EFBC}") = "FitToSize.Windows", "FitToSize\FitToSize.Windows\FitToSize.Windows.csproj", "{F9DA70E9-453F-4BAF-8690-B13468AABA67}"
EndProject
Project("{FAE04EC0-301F-11D3-BF4B-00C04F79EFBC}") = "FitToSize", "FitToSize\FitToSize\FitToSize.csproj", "{402031CD-BE08-45D9-8211-3FDA23291B7B}"
EndProject
Global
	GlobalSection(SolutionConfigurationPlatforms) = preSolution
		Ad-Hoc|Any CPU = Ad-Hoc|Any CPU
		Ad-Hoc|ARM = Ad-Hoc|ARM
		Ad-Hoc|iPhone = Ad-Hoc|iPhone
		Ad-Hoc|iPhoneSimulator = Ad-Hoc|iPhoneSimulator
		Ad-Hoc|x64 = Ad-Hoc|x64
		Ad-Hoc|x86 = Ad-Hoc|x86
		AppStore|Any CPU = AppStore|Any CPU
		AppStore|ARM = AppStore|ARM
		AppStore|iPhone = AppStore|iPhone
		AppStore|iPhoneSimulator = AppStore|iPhoneSimulator
		AppStore|x64 = AppStore|x64
		AppStore|x86 = AppStore|x86
		Debug|Any CPU = Debug|Any CPU
		Debug|ARM = Debug|ARM
		Debug|iPhone = Debug|iPhone
		Debug|iPhoneSimulator = Debug|iPhoneSimulator
		Debug|x64 = Debug|x64
		Debug|x86 = Debug|x86
		Release|Any CPU = Release|Any CPU
		Release|ARM = Release|ARM
		Release|iPhone = Release|iPhone
		Release|iPhoneSimulator = Release|iPhoneSimulator
		Release|x64 = Release|x64
		Release|x86 = Release|x86
	EndGlobalSection
	GlobalSection(ProjectConfigurationPlatforms) = postSolution
		{1BED9F6B-6A6D-4403-B948-C5D018362CBC}.Ad-Hoc|Any CPU.ActiveCfg = Release|Any CPU
		{1BED9F6B-6A6D-4403-B948-C5D018362CBC}.Ad-Hoc|Any CPU.Build.0 = Release|Any CPU
		{1BED9F6B-6A6D-4403-B948-C5D018362CBC}.Ad-Hoc|Any CPU.Deploy.0 = Release|Any CPU
		{1BED9F6B-6A6D-4403-B948-C5D018362CBC}.Ad-Hoc|ARM.ActiveCfg = Release|Any CPU
		{1BED9F6B-6A6D-4403-B948-C5D018362CBC}.Ad-Hoc|ARM.Build.0 = Release|Any CPU
		{1BED9F6B-6A6D-4403-B948-C5D018362CBC}.Ad-Hoc|ARM.Deploy.0 = Release|Any CPU
		{1BED9F6B-6A6D-4403-B948-C5D018362CBC}.Ad-Hoc|iPhone.ActiveCfg = Release|Any CPU
		{1BED9F6B-6A6D-4403-B948-C5D018362CBC}.Ad-Hoc|iPhone.Build.0 = Release|Any CPU
		{1BED9F6B-6A6D-4403-B948-C5D018362CBC}.Ad-Hoc|iPhone.Deploy.0 = Release|Any CPU
		{1BED9F6B-6A6D-4403-B948-C5D018362CBC}.Ad-Hoc|iPhoneSimulator.ActiveCfg = Release|Any CPU
		{1BED9F6B-6A6D-4403-B948-C5D018362CBC}.Ad-Hoc|iPhoneSimulator.Build.0 = Release|Any CPU
		{1BED9F6B-6A6D-4403-B948-C5D018362CBC}.Ad-Hoc|iPhoneSimulator.Deploy.0 = Release|Any CPU
		{1BED9F6B-6A6D-4403-B948-C5D018362CBC}.Ad-Hoc|x64.ActiveCfg = Release|Any CPU
		{1BED9F6B-6A6D-4403-B948-C5D018362CBC}.Ad-Hoc|x64.Build.0 = Release|Any CPU
		{1BED9F6B-6A6D-4403-B948-C5D018362CBC}.Ad-Hoc|x64.Deploy.0 = Release|Any CPU
		{1BED9F6B-6A6D-4403-B948-C5D018362CBC}.Ad-Hoc|x86.ActiveCfg = Release|Any CPU
		{1BED9F6B-6A6D-4403-B948-C5D018362CBC}.Ad-Hoc|x86.Build.0 = Release|Any CPU
		{1BED9F6B-6A6D-4403-B948-C5D018362CBC}.Ad-Hoc|x86.Deploy.0 = Release|Any CPU
		{1BED9F6B-6A6D-4403-B948-C5D018362CBC}.AppStore|Any CPU.ActiveCfg = Release|Any CPU
		{1BED9F6B-6A6D-4403-B948-C5D018362CBC}.AppStore|Any CPU.Build.0 = Release|Any CPU
		{1BED9F6B-6A6D-4403-B948-C5D018362CBC}.AppStore|Any CPU.Deploy.0 = Release|Any CPU
		{1BED9F6B-6A6D-4403-B948-C5D018362CBC}.AppStore|ARM.ActiveCfg = Release|Any CPU
		{1BED9F6B-6A6D-4403-B948-C5D018362CBC}.AppStore|ARM.Build.0 = Release|Any CPU
		{1BED9F6B-6A6D-4403-B948-C5D018362CBC}.AppStore|ARM.Deploy.0 = Release|Any CPU
		{1BED9F6B-6A6D-4403-B948-C5D018362CBC}.AppStore|iPhone.ActiveCfg = Release|Any CPU
		{1BED9F6B-6A6D-4403-B948-C5D018362CBC}.AppStore|iPhone.Build.0 = Release|Any CPU
		{1BED9F6B-6A6D-4403-B948-C5D018362CBC}.AppStore|iPhone.Deploy.0 = Release|Any CPU
		{1BED9F6B-6A6D-4403-B948-C5D018362CBC}.AppStore|iPhoneSimulator.ActiveCfg = Release|Any CPU
		{1BED9F6B-6A6D-4403-B948-C5D018362CBC}.AppStore|iPhoneSimulator.Build.0 = Release|Any CPU
		{1BED9F6B-6A6D-4403-B948-C5D018362CBC}.AppStore|iPhoneSimulator.Deploy.0 = Release|Any CPU
		{1BED9F6B-6A6D-4403-B948-C5D018362CBC}.AppStore|x64.ActiveCfg = Release|Any CPU
		{1BED9F6B-6A6D-4403-B948-C5D018362CBC}.AppStore|x64.Build.0 = Release|Any CPU
		{1BED9F6B-6A6D-4403-B948-C5D018362CBC}.AppStore|x64.Deploy.0 = Release|Any CPU
		{1BED9F6B-6A6D-4403-B948-C5D018362CBC}.AppStore|x86.ActiveCfg = Release|Any CPU
		{1BED9F6B-6A6D-4403-B948-C5D018362CBC}.AppStore|x86.Build.0 = Release|Any CPU
		{1BED9F6B-6A6D-4403-B948-C5D018362CBC}.AppStore|x86.Deploy.0 = Release|Any CPU
		{1BED9F6B-6A6D-4403-B948-C5D018362CBC}.Debug|Any CPU.ActiveCfg = Debug|Any CPU
		{1BED9F6B-6A6D-4403-B948-C5D018362CBC}.Debug|Any CPU.Build.0 = Debug|Any CPU
		{1BED9F6B-6A6D-4403-B948-C5D018362CBC}.Debug|Any CPU.Deploy.0 = Debug|Any CPU
		{1BED9F6B-6A6D-4403-B948-C5D018362CBC}.Debug|ARM.ActiveCfg = Debug|Any CPU
		{1BED9F6B-6A6D-4403-B948-C5D018362CBC}.Debug|ARM.Build.0 = Debug|Any CPU
		{1BED9F6B-6A6D-4403-B948-C5D018362CBC}.Debug|ARM.Deploy.0 = Debug|Any CPU
		{1BED9F6B-6A6D-4403-B948-C5D018362CBC}.Debug|iPhone.ActiveCfg = Debug|Any CPU
		{1BED9F6B-6A6D-4403-B948-C5D018362CBC}.Debug|iPhone.Build.0 = Debug|Any CPU
		{1BED9F6B-6A6D-4403-B948-C5D018362CBC}.Debug|iPhone.Deploy.0 = Debug|Any CPU
		{1BED9F6B-6A6D-4403-B948-C5D018362CBC}.Debug|iPhoneSimulator.ActiveCfg = Debug|Any CPU
		{1BED9F6B-6A6D-4403-B948-C5D018362CBC}.Debug|iPhoneSimulator.Build.0 = Debug|Any CPU
		{1BED9F6B-6A6D-4403-B948-C5D018362CBC}.Debug|iPhoneSimulator.Deploy.0 = Debug|Any CPU
		{1BED9F6B-6A6D-4403-B948-C5D018362CBC}.Debug|x64.ActiveCfg = Debug|Any CPU
		{1BED9F6B-6A6D-4403-B948-C5D018362CBC}.Debug|x64.Build.0 = Debug|Any CPU
		{1BED9F6B-6A6D-4403-B948-C5D018362CBC}.Debug|x64.Deploy.0 = Debug|Any CPU
		{1BED9F6B-6A6D-4403-B948-C5D018362CBC}.Debug|x86.ActiveCfg = Debug|Any CPU
		{1BED9F6B-6A6D-4403-B948-C5D018362CBC}.Debug|x86.Build.0 = Debug|Any CPU
		{1BED9F6B-6A6D-4403-B948-C5D018362CBC}.Debug|x86.Deploy.0 = Debug|Any CPU
		{1BED9F6B-6A6D-4403-B948-C5D018362CBC}.Release|Any CPU.ActiveCfg = Release|Any CPU
		{1BED9F6B-6A6D-4403-B948-C5D018362CBC}.Release|Any CPU.Build.0 = Release|Any CPU
		{1BED9F6B-6A6D-4403-B948-C5D018362CBC}.Release|Any CPU.Deploy.0 = Release|Any CPU
		{1BED9F6B-6A6D-4403-B948-C5D018362CBC}.Release|ARM.ActiveCfg = Release|Any CPU
		{1BED9F6B-6A6D-4403-B948-C5D018362CBC}.Release|ARM.Build.0 = Release|Any CPU
		{1BED9F6B-6A6D-4403-B948-C5D018362CBC}.Release|ARM.Deploy.0 = Release|Any CPU
		{1BED9F6B-6A6D-4403-B948-C5D018362CBC}.Release|iPhone.ActiveCfg = Release|Any CPU
		{1BED9F6B-6A6D-4403-B948-C5D018362CBC}.Release|iPhone.Build.0 = Release|Any CPU
		{1BED9F6B-6A6D-4403-B948-C5D018362CBC}.Release|iPhone.Deploy.0 = Release|Any CPU
		{1BED9F6B-6A6D-4403-B948-C5D018362CBC}.Release|iPhoneSimulator.ActiveCfg = Release|Any CPU
		{1BED9F6B-6A6D-4403-B948-C5D018362CBC}.Release|iPhoneSimulator.Build.0 = Release|Any CPU
		{1BED9F6B-6A6D-4403-B948-C5D018362CBC}.Release|iPhoneSimulator.Deploy.0 = Release|Any CPU
		{1BED9F6B-6A6D-4403-B948-C5D018362CBC}.Release|x64.ActiveCfg = Release|Any CPU
		{1BED9F6B-6A6D-4403-B948-C5D018362CBC}.Release|x64.Build.0 = Release|Any CPU
		{1BED9F6B-6A6D-4403-B948-C5D018362CBC}.Release|x64.Deploy.0 = Release|Any CPU
		{1BED9F6B-6A6D-4403-B948-C5D018362CBC}.Release|x86.ActiveCfg = Release|Any CPU
		{1BED9F6B-6A6D-4403-B948-C5D018362CBC}.Release|x86.Build.0 = Release|Any CPU
		{1BED9F6B-6A6D-4403-B948-C5D018362CBC}.Release|x86.Deploy.0 = Release|Any CPU
		{BEEE4889-4AAF-4A7A-B6E7-692D8F65D636}.Ad-Hoc|Any CPU.ActiveCfg = Ad-Hoc|iPhone
		{BEEE4889-4AAF-4A7A-B6E7-692D8F65D636}.Ad-Hoc|ARM.ActiveCfg = Ad-Hoc|iPhone
		{BEEE4889-4AAF-4A7A-B6E7-692D8F65D636}.Ad-Hoc|iPhone.ActiveCfg = Ad-Hoc|iPhone
		{BEEE4889-4AAF-4A7A-B6E7-692D8F65D636}.Ad-Hoc|iPhone.Build.0 = Ad-Hoc|iPhone
		{BEEE4889-4AAF-4A7A-B6E7-692D8F65D636}.Ad-Hoc|iPhoneSimulator.ActiveCfg = Ad-Hoc|iPhoneSimulator
		{BEEE4889-4AAF-4A7A-B6E7-692D8F65D636}.Ad-Hoc|iPhoneSimulator.Build.0 = Ad-Hoc|iPhoneSimulator
		{BEEE4889-4AAF-4A7A-B6E7-692D8F65D636}.Ad-Hoc|x64.ActiveCfg = Ad-Hoc|iPhone
		{BEEE4889-4AAF-4A7A-B6E7-692D8F65D636}.Ad-Hoc|x86.ActiveCfg = Ad-Hoc|iPhone
		{BEEE4889-4AAF-4A7A-B6E7-692D8F65D636}.AppStore|Any CPU.ActiveCfg = AppStore|iPhone
		{BEEE4889-4AAF-4A7A-B6E7-692D8F65D636}.AppStore|ARM.ActiveCfg = AppStore|iPhone
		{BEEE4889-4AAF-4A7A-B6E7-692D8F65D636}.AppStore|iPhone.ActiveCfg = AppStore|iPhone
		{BEEE4889-4AAF-4A7A-B6E7-692D8F65D636}.AppStore|iPhone.Build.0 = AppStore|iPhone
		{BEEE4889-4AAF-4A7A-B6E7-692D8F65D636}.AppStore|iPhoneSimulator.ActiveCfg = AppStore|iPhoneSimulator
		{BEEE4889-4AAF-4A7A-B6E7-692D8F65D636}.AppStore|iPhoneSimulator.Build.0 = AppStore|iPhoneSimulator
		{BEEE4889-4AAF-4A7A-B6E7-692D8F65D636}.AppStore|x64.ActiveCfg = AppStore|iPhone
		{BEEE4889-4AAF-4A7A-B6E7-692D8F65D636}.AppStore|x86.ActiveCfg = AppStore|iPhone
		{BEEE4889-4AAF-4A7A-B6E7-692D8F65D636}.Debug|Any CPU.ActiveCfg = Debug|iPhone
		{BEEE4889-4AAF-4A7A-B6E7-692D8F65D636}.Debug|ARM.ActiveCfg = Debug|iPhone
		{BEEE4889-4AAF-4A7A-B6E7-692D8F65D636}.Debug|iPhone.ActiveCfg = Debug|iPhone
		{BEEE4889-4AAF-4A7A-B6E7-692D8F65D636}.Debug|iPhone.Build.0 = Debug|iPhone
		{BEEE4889-4AAF-4A7A-B6E7-692D8F65D636}.Debug|iPhoneSimulator.ActiveCfg = Debug|iPhoneSimulator
		{BEEE4889-4AAF-4A7A-B6E7-692D8F65D636}.Debug|iPhoneSimulator.Build.0 = Debug|iPhoneSimulator
		{BEEE4889-4AAF-4A7A-B6E7-692D8F65D636}.Debug|x64.ActiveCfg = Debug|iPhone
		{BEEE4889-4AAF-4A7A-B6E7-692D8F65D636}.Debug|x86.ActiveCfg = Debug|iPhone
		{BEEE4889-4AAF-4A7A-B6E7-692D8F65D636}.Release|Any CPU.ActiveCfg = Release|iPhone
		{BEEE4889-4AAF-4A7A-B6E7-692D8F65D636}.Release|ARM.ActiveCfg = Release|iPhone
		{BEEE4889-4AAF-4A7A-B6E7-692D8F65D636}.Release|iPhone.ActiveCfg = Release|iPhone
		{BEEE4889-4AAF-4A7A-B6E7-692D8F65D636}.Release|iPhone.Build.0 = Release|iPhone
		{BEEE4889-4AAF-4A7A-B6E7-692D8F65D636}.Release|iPhoneSimulator.ActiveCfg = Release|iPhoneSimulator
		{BEEE4889-4AAF-4A7A-B6E7-692D8F65D636}.Release|iPhoneSimulator.Build.0 = Release|iPhoneSimulator
		{BEEE4889-4AAF-4A7A-B6E7-692D8F65D636}.Release|x64.ActiveCfg = Release|iPhone
		{BEEE4889-4AAF-4A7A-B6E7-692D8F65D636}.Release|x86.ActiveCfg = Release|iPhone
		{33BDB8C7-ADB0-492A-9710-885F095D6B10}.Ad-Hoc|Any CPU.ActiveCfg = Release|Any CPU
		{33BDB8C7-ADB0-492A-9710-885F095D6B10}.Ad-Hoc|Any CPU.Build.0 = Release|Any CPU
		{33BDB8C7-ADB0-492A-9710-885F095D6B10}.Ad-Hoc|Any CPU.Deploy.0 = Release|Any CPU
		{33BDB8C7-ADB0-492A-9710-885F095D6B10}.Ad-Hoc|ARM.ActiveCfg = Release|ARM
		{33BDB8C7-ADB0-492A-9710-885F095D6B10}.Ad-Hoc|ARM.Build.0 = Release|ARM
		{33BDB8C7-ADB0-492A-9710-885F095D6B10}.Ad-Hoc|ARM.Deploy.0 = Release|ARM
		{33BDB8C7-ADB0-492A-9710-885F095D6B10}.Ad-Hoc|iPhone.ActiveCfg = Release|Any CPU
		{33BDB8C7-ADB0-492A-9710-885F095D6B10}.Ad-Hoc|iPhone.Build.0 = Release|Any CPU
		{33BDB8C7-ADB0-492A-9710-885F095D6B10}.Ad-Hoc|iPhone.Deploy.0 = Release|Any CPU
		{33BDB8C7-ADB0-492A-9710-885F095D6B10}.Ad-Hoc|iPhoneSimulator.ActiveCfg = Release|Any CPU
		{33BDB8C7-ADB0-492A-9710-885F095D6B10}.Ad-Hoc|iPhoneSimulator.Build.0 = Release|Any CPU
		{33BDB8C7-ADB0-492A-9710-885F095D6B10}.Ad-Hoc|iPhoneSimulator.Deploy.0 = Release|Any CPU
		{33BDB8C7-ADB0-492A-9710-885F095D6B10}.Ad-Hoc|x64.ActiveCfg = Release|Any CPU
		{33BDB8C7-ADB0-492A-9710-885F095D6B10}.Ad-Hoc|x64.Build.0 = Release|Any CPU
		{33BDB8C7-ADB0-492A-9710-885F095D6B10}.Ad-Hoc|x64.Deploy.0 = Release|Any CPU
		{33BDB8C7-ADB0-492A-9710-885F095D6B10}.Ad-Hoc|x86.ActiveCfg = Release|x86
		{33BDB8C7-ADB0-492A-9710-885F095D6B10}.Ad-Hoc|x86.Build.0 = Release|x86
		{33BDB8C7-ADB0-492A-9710-885F095D6B10}.Ad-Hoc|x86.Deploy.0 = Release|x86
		{33BDB8C7-ADB0-492A-9710-885F095D6B10}.AppStore|Any CPU.ActiveCfg = Release|Any CPU
		{33BDB8C7-ADB0-492A-9710-885F095D6B10}.AppStore|Any CPU.Build.0 = Release|Any CPU
		{33BDB8C7-ADB0-492A-9710-885F095D6B10}.AppStore|Any CPU.Deploy.0 = Release|Any CPU
		{33BDB8C7-ADB0-492A-9710-885F095D6B10}.AppStore|ARM.ActiveCfg = Release|ARM
		{33BDB8C7-ADB0-492A-9710-885F095D6B10}.AppStore|ARM.Build.0 = Release|ARM
		{33BDB8C7-ADB0-492A-9710-885F095D6B10}.AppStore|ARM.Deploy.0 = Release|ARM
		{33BDB8C7-ADB0-492A-9710-885F095D6B10}.AppStore|iPhone.ActiveCfg = Release|Any CPU
		{33BDB8C7-ADB0-492A-9710-885F095D6B10}.AppStore|iPhone.Build.0 = Release|Any CPU
		{33BDB8C7-ADB0-492A-9710-885F095D6B10}.AppStore|iPhone.Deploy.0 = Release|Any CPU
		{33BDB8C7-ADB0-492A-9710-885F095D6B10}.AppStore|iPhoneSimulator.ActiveCfg = Release|Any CPU
		{33BDB8C7-ADB0-492A-9710-885F095D6B10}.AppStore|iPhoneSimulator.Build.0 = Release|Any CPU
		{33BDB8C7-ADB0-492A-9710-885F095D6B10}.AppStore|iPhoneSimulator.Deploy.0 = Release|Any CPU
		{33BDB8C7-ADB0-492A-9710-885F095D6B10}.AppStore|x64.ActiveCfg = Release|Any CPU
		{33BDB8C7-ADB0-492A-9710-885F095D6B10}.AppStore|x64.Build.0 = Release|Any CPU
		{33BDB8C7-ADB0-492A-9710-885F095D6B10}.AppStore|x64.Deploy.0 = Release|Any CPU
		{33BDB8C7-ADB0-492A-9710-885F095D6B10}.AppStore|x86.ActiveCfg = Release|x86
		{33BDB8C7-ADB0-492A-9710-885F095D6B10}.AppStore|x86.Build.0 = Release|x86
		{33BDB8C7-ADB0-492A-9710-885F095D6B10}.AppStore|x86.Deploy.0 = Release|x86
		{33BDB8C7-ADB0-492A-9710-885F095D6B10}.Debug|Any CPU.ActiveCfg = Debug|Any CPU
		{33BDB8C7-ADB0-492A-9710-885F095D6B10}.Debug|Any CPU.Build.0 = Debug|Any CPU
		{33BDB8C7-ADB0-492A-9710-885F095D6B10}.Debug|Any CPU.Deploy.0 = Debug|Any CPU
		{33BDB8C7-ADB0-492A-9710-885F095D6B10}.Debug|ARM.ActiveCfg = Debug|ARM
		{33BDB8C7-ADB0-492A-9710-885F095D6B10}.Debug|ARM.Build.0 = Debug|ARM
		{33BDB8C7-ADB0-492A-9710-885F095D6B10}.Debug|ARM.Deploy.0 = Debug|ARM
		{33BDB8C7-ADB0-492A-9710-885F095D6B10}.Debug|iPhone.ActiveCfg = Debug|Any CPU
		{33BDB8C7-ADB0-492A-9710-885F095D6B10}.Debug|iPhone.Build.0 = Debug|Any CPU
		{33BDB8C7-ADB0-492A-9710-885F095D6B10}.Debug|iPhone.Deploy.0 = Debug|Any CPU
		{33BDB8C7-ADB0-492A-9710-885F095D6B10}.Debug|iPhoneSimulator.ActiveCfg = Debug|Any CPU
		{33BDB8C7-ADB0-492A-9710-885F095D6B10}.Debug|iPhoneSimulator.Build.0 = Debug|Any CPU
		{33BDB8C7-ADB0-492A-9710-885F095D6B10}.Debug|iPhoneSimulator.Deploy.0 = Debug|Any CPU
		{33BDB8C7-ADB0-492A-9710-885F095D6B10}.Debug|x64.ActiveCfg = Debug|Any CPU
		{33BDB8C7-ADB0-492A-9710-885F095D6B10}.Debug|x64.Build.0 = Debug|Any CPU
		{33BDB8C7-ADB0-492A-9710-885F095D6B10}.Debug|x64.Deploy.0 = Debug|Any CPU
		{33BDB8C7-ADB0-492A-9710-885F095D6B10}.Debug|x86.ActiveCfg = Debug|x86
		{33BDB8C7-ADB0-492A-9710-885F095D6B10}.Debug|x86.Build.0 = Debug|x86
		{33BDB8C7-ADB0-492A-9710-885F095D6B10}.Debug|x86.Deploy.0 = Debug|x86
		{33BDB8C7-ADB0-492A-9710-885F095D6B10}.Release|Any CPU.ActiveCfg = Release|Any CPU
		{33BDB8C7-ADB0-492A-9710-885F095D6B10}.Release|Any CPU.Build.0 = Release|Any CPU
		{33BDB8C7-ADB0-492A-9710-885F095D6B10}.Release|Any CPU.Deploy.0 = Release|Any CPU
		{33BDB8C7-ADB0-492A-9710-885F095D6B10}.Release|ARM.ActiveCfg = Release|ARM
		{33BDB8C7-ADB0-492A-9710-885F095D6B10}.Release|ARM.Build.0 = Release|ARM
		{33BDB8C7-ADB0-492A-9710-885F095D6B10}.Release|ARM.Deploy.0 = Release|ARM
		{33BDB8C7-ADB0-492A-9710-885F095D6B10}.Release|iPhone.ActiveCfg = Release|Any CPU
		{33BDB8C7-ADB0-492A-9710-885F095D6B10}.Release|iPhone.Build.0 = Release|Any CPU
		{33BDB8C7-ADB0-492A-9710-885F095D6B10}.Release|iPhone.Deploy.0 = Release|Any CPU
		{33BDB8C7-ADB0-492A-9710-885F095D6B10}.Release|iPhoneSimulator.ActiveCfg = Release|Any CPU
		{33BDB8C7-ADB0-492A-9710-885F095D6B10}.Release|iPhoneSimulator.Build.0 = Release|Any CPU
		{33BDB8C7-ADB0-492A-9710-885F095D6B10}.Release|iPhoneSimulator.Deploy.0 = Release|Any CPU
		{33BDB8C7-ADB0-492A-9710-885F095D6B10}.Release|x64.ActiveCfg = Release|Any CPU
		{33BDB8C7-ADB0-492A-9710-885F095D6B10}.Release|x64.Build.0 = Release|Any CPU
		{33BDB8C7-ADB0-492A-9710-885F095D6B10}.Release|x64.Deploy.0 = Release|Any CPU
		{33BDB8C7-ADB0-492A-9710-885F095D6B10}.Release|x86.ActiveCfg = Release|x86
		{33BDB8C7-ADB0-492A-9710-885F095D6B10}.Release|x86.Build.0 = Release|x86
		{33BDB8C7-ADB0-492A-9710-885F095D6B10}.Release|x86.Deploy.0 = Release|x86
		{95AB506C-0835-4C16-BCB0-020122109F57}.Ad-Hoc|Any CPU.ActiveCfg = Release|x86
		{95AB506C-0835-4C16-BCB0-020122109F57}.Ad-Hoc|Any CPU.Build.0 = Release|x86
		{95AB506C-0835-4C16-BCB0-020122109F57}.Ad-Hoc|Any CPU.Deploy.0 = Release|x86
		{95AB506C-0835-4C16-BCB0-020122109F57}.Ad-Hoc|ARM.ActiveCfg = Release|ARM
		{95AB506C-0835-4C16-BCB0-020122109F57}.Ad-Hoc|ARM.Build.0 = Release|ARM
		{95AB506C-0835-4C16-BCB0-020122109F57}.Ad-Hoc|ARM.Deploy.0 = Release|ARM
		{95AB506C-0835-4C16-BCB0-020122109F57}.Ad-Hoc|iPhone.ActiveCfg = Release|x86
		{95AB506C-0835-4C16-BCB0-020122109F57}.Ad-Hoc|iPhone.Build.0 = Release|x86
		{95AB506C-0835-4C16-BCB0-020122109F57}.Ad-Hoc|iPhone.Deploy.0 = Release|x86
		{95AB506C-0835-4C16-BCB0-020122109F57}.Ad-Hoc|iPhoneSimulator.ActiveCfg = Release|x86
		{95AB506C-0835-4C16-BCB0-020122109F57}.Ad-Hoc|iPhoneSimulator.Build.0 = Release|x86
		{95AB506C-0835-4C16-BCB0-020122109F57}.Ad-Hoc|iPhoneSimulator.Deploy.0 = Release|x86
		{95AB506C-0835-4C16-BCB0-020122109F57}.Ad-Hoc|x64.ActiveCfg = Release|x64
		{95AB506C-0835-4C16-BCB0-020122109F57}.Ad-Hoc|x64.Build.0 = Release|x64
		{95AB506C-0835-4C16-BCB0-020122109F57}.Ad-Hoc|x64.Deploy.0 = Release|x64
		{95AB506C-0835-4C16-BCB0-020122109F57}.Ad-Hoc|x86.ActiveCfg = Release|x86
		{95AB506C-0835-4C16-BCB0-020122109F57}.Ad-Hoc|x86.Build.0 = Release|x86
		{95AB506C-0835-4C16-BCB0-020122109F57}.Ad-Hoc|x86.Deploy.0 = Release|x86
		{95AB506C-0835-4C16-BCB0-020122109F57}.AppStore|Any CPU.ActiveCfg = Release|x86
		{95AB506C-0835-4C16-BCB0-020122109F57}.AppStore|Any CPU.Build.0 = Release|x86
		{95AB506C-0835-4C16-BCB0-020122109F57}.AppStore|Any CPU.Deploy.0 = Release|x86
		{95AB506C-0835-4C16-BCB0-020122109F57}.AppStore|ARM.ActiveCfg = Release|ARM
		{95AB506C-0835-4C16-BCB0-020122109F57}.AppStore|ARM.Build.0 = Release|ARM
		{95AB506C-0835-4C16-BCB0-020122109F57}.AppStore|ARM.Deploy.0 = Release|ARM
		{95AB506C-0835-4C16-BCB0-020122109F57}.AppStore|iPhone.ActiveCfg = Release|x86
		{95AB506C-0835-4C16-BCB0-020122109F57}.AppStore|iPhone.Build.0 = Release|x86
		{95AB506C-0835-4C16-BCB0-020122109F57}.AppStore|iPhone.Deploy.0 = Release|x86
		{95AB506C-0835-4C16-BCB0-020122109F57}.AppStore|iPhoneSimulator.ActiveCfg = Release|x86
		{95AB506C-0835-4C16-BCB0-020122109F57}.AppStore|iPhoneSimulator.Build.0 = Release|x86
		{95AB506C-0835-4C16-BCB0-020122109F57}.AppStore|iPhoneSimulator.Deploy.0 = Release|x86
		{95AB506C-0835-4C16-BCB0-020122109F57}.AppStore|x64.ActiveCfg = Release|x64
		{95AB506C-0835-4C16-BCB0-020122109F57}.AppStore|x64.Build.0 = Release|x64
		{95AB506C-0835-4C16-BCB0-020122109F57}.AppStore|x64.Deploy.0 = Release|x64
		{95AB506C-0835-4C16-BCB0-020122109F57}.AppStore|x86.ActiveCfg = Release|x86
		{95AB506C-0835-4C16-BCB0-020122109F57}.AppStore|x86.Build.0 = Release|x86
		{95AB506C-0835-4C16-BCB0-020122109F57}.AppStore|x86.Deploy.0 = Release|x86
		{95AB506C-0835-4C16-BCB0-020122109F57}.Debug|Any CPU.ActiveCfg = Debug|x86
		{95AB506C-0835-4C16-BCB0-020122109F57}.Debug|ARM.ActiveCfg = Debug|ARM
		{95AB506C-0835-4C16-BCB0-020122109F57}.Debug|ARM.Build.0 = Debug|ARM
		{95AB506C-0835-4C16-BCB0-020122109F57}.Debug|ARM.Deploy.0 = Debug|ARM
		{95AB506C-0835-4C16-BCB0-020122109F57}.Debug|iPhone.ActiveCfg = Debug|x86
		{95AB506C-0835-4C16-BCB0-020122109F57}.Debug|iPhoneSimulator.ActiveCfg = Debug|x86
		{95AB506C-0835-4C16-BCB0-020122109F57}.Debug|x64.ActiveCfg = Debug|x64
		{95AB506C-0835-4C16-BCB0-020122109F57}.Debug|x64.Build.0 = Debug|x64
		{95AB506C-0835-4C16-BCB0-020122109F57}.Debug|x64.Deploy.0 = Debug|x64
		{95AB506C-0835-4C16-BCB0-020122109F57}.Debug|x86.ActiveCfg = Debug|x86
		{95AB506C-0835-4C16-BCB0-020122109F57}.Debug|x86.Build.0 = Debug|x86
		{95AB506C-0835-4C16-BCB0-020122109F57}.Debug|x86.Deploy.0 = Debug|x86
		{95AB506C-0835-4C16-BCB0-020122109F57}.Release|Any CPU.ActiveCfg = Release|x86
		{95AB506C-0835-4C16-BCB0-020122109F57}.Release|ARM.ActiveCfg = Release|ARM
		{95AB506C-0835-4C16-BCB0-020122109F57}.Release|ARM.Build.0 = Release|ARM
		{95AB506C-0835-4C16-BCB0-020122109F57}.Release|ARM.Deploy.0 = Release|ARM
		{95AB506C-0835-4C16-BCB0-020122109F57}.Release|iPhone.ActiveCfg = Release|x86
		{95AB506C-0835-4C16-BCB0-020122109F57}.Release|iPhoneSimulator.ActiveCfg = Release|x86
		{95AB506C-0835-4C16-BCB0-020122109F57}.Release|x64.ActiveCfg = Release|x64
		{95AB506C-0835-4C16-BCB0-020122109F57}.Release|x64.Build.0 = Release|x64
		{95AB506C-0835-4C16-BCB0-020122109F57}.Release|x64.Deploy.0 = Release|x64
		{95AB506C-0835-4C16-BCB0-020122109F57}.Release|x86.ActiveCfg = Release|x86
		{95AB506C-0835-4C16-BCB0-020122109F57}.Release|x86.Build.0 = Release|x86
		{95AB506C-0835-4C16-BCB0-020122109F57}.Release|x86.Deploy.0 = Release|x86
		{F9DA70E9-453F-4BAF-8690-B13468AABA67}.Ad-Hoc|Any CPU.ActiveCfg = Release|Any CPU
		{F9DA70E9-453F-4BAF-8690-B13468AABA67}.Ad-Hoc|Any CPU.Build.0 = Release|Any CPU
		{F9DA70E9-453F-4BAF-8690-B13468AABA67}.Ad-Hoc|Any CPU.Deploy.0 = Release|Any CPU
		{F9DA70E9-453F-4BAF-8690-B13468AABA67}.Ad-Hoc|ARM.ActiveCfg = Release|ARM
		{F9DA70E9-453F-4BAF-8690-B13468AABA67}.Ad-Hoc|ARM.Build.0 = Release|ARM
		{F9DA70E9-453F-4BAF-8690-B13468AABA67}.Ad-Hoc|ARM.Deploy.0 = Release|ARM
		{F9DA70E9-453F-4BAF-8690-B13468AABA67}.Ad-Hoc|iPhone.ActiveCfg = Release|Any CPU
		{F9DA70E9-453F-4BAF-8690-B13468AABA67}.Ad-Hoc|iPhone.Build.0 = Release|Any CPU
		{F9DA70E9-453F-4BAF-8690-B13468AABA67}.Ad-Hoc|iPhone.Deploy.0 = Release|Any CPU
		{F9DA70E9-453F-4BAF-8690-B13468AABA67}.Ad-Hoc|iPhoneSimulator.ActiveCfg = Release|Any CPU
		{F9DA70E9-453F-4BAF-8690-B13468AABA67}.Ad-Hoc|iPhoneSimulator.Build.0 = Release|Any CPU
		{F9DA70E9-453F-4BAF-8690-B13468AABA67}.Ad-Hoc|iPhoneSimulator.Deploy.0 = Release|Any CPU
		{F9DA70E9-453F-4BAF-8690-B13468AABA67}.Ad-Hoc|x64.ActiveCfg = Release|x64
		{F9DA70E9-453F-4BAF-8690-B13468AABA67}.Ad-Hoc|x64.Build.0 = Release|x64
		{F9DA70E9-453F-4BAF-8690-B13468AABA67}.Ad-Hoc|x64.Deploy.0 = Release|x64
		{F9DA70E9-453F-4BAF-8690-B13468AABA67}.Ad-Hoc|x86.ActiveCfg = Release|x86
		{F9DA70E9-453F-4BAF-8690-B13468AABA67}.Ad-Hoc|x86.Build.0 = Release|x86
		{F9DA70E9-453F-4BAF-8690-B13468AABA67}.Ad-Hoc|x86.Deploy.0 = Release|x86
		{F9DA70E9-453F-4BAF-8690-B13468AABA67}.AppStore|Any CPU.ActiveCfg = Release|Any CPU
		{F9DA70E9-453F-4BAF-8690-B13468AABA67}.AppStore|Any CPU.Build.0 = Release|Any CPU
		{F9DA70E9-453F-4BAF-8690-B13468AABA67}.AppStore|Any CPU.Deploy.0 = Release|Any CPU
		{F9DA70E9-453F-4BAF-8690-B13468AABA67}.AppStore|ARM.ActiveCfg = Release|ARM
		{F9DA70E9-453F-4BAF-8690-B13468AABA67}.AppStore|ARM.Build.0 = Release|ARM
		{F9DA70E9-453F-4BAF-8690-B13468AABA67}.AppStore|ARM.Deploy.0 = Release|ARM
		{F9DA70E9-453F-4BAF-8690-B13468AABA67}.AppStore|iPhone.ActiveCfg = Release|Any CPU
		{F9DA70E9-453F-4BAF-8690-B13468AABA67}.AppStore|iPhone.Build.0 = Release|Any CPU
		{F9DA70E9-453F-4BAF-8690-B13468AABA67}.AppStore|iPhone.Deploy.0 = Release|Any CPU
		{F9DA70E9-453F-4BAF-8690-B13468AABA67}.AppStore|iPhoneSimulator.ActiveCfg = Release|Any CPU
		{F9DA70E9-453F-4BAF-8690-B13468AABA67}.AppStore|iPhoneSimulator.Build.0 = Release|Any CPU
		{F9DA70E9-453F-4BAF-8690-B13468AABA67}.AppStore|iPhoneSimulator.Deploy.0 = Release|Any CPU
		{F9DA70E9-453F-4BAF-8690-B13468AABA67}.AppStore|x64.ActiveCfg = Release|x64
		{F9DA70E9-453F-4BAF-8690-B13468AABA67}.AppStore|x64.Build.0 = Release|x64
		{F9DA70E9-453F-4BAF-8690-B13468AABA67}.AppStore|x64.Deploy.0 = Release|x64
		{F9DA70E9-453F-4BAF-8690-B13468AABA67}.AppStore|x86.ActiveCfg = Release|x86
		{F9DA70E9-453F-4BAF-8690-B13468AABA67}.AppStore|x86.Build.0 = Release|x86
		{F9DA70E9-453F-4BAF-8690-B13468AABA67}.AppStore|x86.Deploy.0 = Release|x86
		{F9DA70E9-453F-4BAF-8690-B13468AABA67}.Debug|Any CPU.ActiveCfg = Debug|Any CPU
		{F9DA70E9-453F-4BAF-8690-B13468AABA67}.Debug|Any CPU.Build.0 = Debug|Any CPU
		{F9DA70E9-453F-4BAF-8690-B13468AABA67}.Debug|Any CPU.Deploy.0 = Debug|Any CPU
		{F9DA70E9-453F-4BAF-8690-B13468AABA67}.Debug|ARM.ActiveCfg = Debug|ARM
		{F9DA70E9-453F-4BAF-8690-B13468AABA67}.Debug|ARM.Build.0 = Debug|ARM
		{F9DA70E9-453F-4BAF-8690-B13468AABA67}.Debug|ARM.Deploy.0 = Debug|ARM
		{F9DA70E9-453F-4BAF-8690-B13468AABA67}.Debug|iPhone.ActiveCfg = Debug|Any CPU
		{F9DA70E9-453F-4BAF-8690-B13468AABA67}.Debug|iPhone.Build.0 = Debug|Any CPU
		{F9DA70E9-453F-4BAF-8690-B13468AABA67}.Debug|iPhone.Deploy.0 = Debug|Any CPU
		{F9DA70E9-453F-4BAF-8690-B13468AABA67}.Debug|iPhoneSimulator.ActiveCfg = Debug|Any CPU
		{F9DA70E9-453F-4BAF-8690-B13468AABA67}.Debug|iPhoneSimulator.Build.0 = Debug|Any CPU
		{F9DA70E9-453F-4BAF-8690-B13468AABA67}.Debug|iPhoneSimulator.Deploy.0 = Debug|Any CPU
		{F9DA70E9-453F-4BAF-8690-B13468AABA67}.Debug|x64.ActiveCfg = Debug|x64
		{F9DA70E9-453F-4BAF-8690-B13468AABA67}.Debug|x64.Build.0 = Debug|x64
		{F9DA70E9-453F-4BAF-8690-B13468AABA67}.Debug|x64.Deploy.0 = Debug|x64
		{F9DA70E9-453F-4BAF-8690-B13468AABA67}.Debug|x86.ActiveCfg = Debug|x86
		{F9DA70E9-453F-4BAF-8690-B13468AABA67}.Debug|x86.Build.0 = Debug|x86
		{F9DA70E9-453F-4BAF-8690-B13468AABA67}.Debug|x86.Deploy.0 = Debug|x86
		{F9DA70E9-453F-4BAF-8690-B13468AABA67}.Release|Any CPU.ActiveCfg = Release|Any CPU
		{F9DA70E9-453F-4BAF-8690-B13468AABA67}.Release|Any CPU.Build.0 = Release|Any CPU
		{F9DA70E9-453F-4BAF-8690-B13468AABA67}.Release|Any CPU.Deploy.0 = Release|Any CPU
		{F9DA70E9-453F-4BAF-8690-B13468AABA67}.Release|ARM.ActiveCfg = Release|ARM
		{F9DA70E9-453F-4BAF-8690-B13468AABA67}.Release|ARM.Build.0 = Release|ARM
		{F9DA70E9-453F-4BAF-8690-B13468AABA67}.Release|ARM.Deploy.0 = Release|ARM
		{F9DA70E9-453F-4BAF-8690-B13468AABA67}.Release|iPhone.ActiveCfg = Release|Any CPU
		{F9DA70E9-453F-4BAF-8690-B13468AABA67}.Release|iPhone.Build.0 = Release|Any CPU
		{F9DA70E9-453F-4BAF-8690-B13468AABA67}.Release|iPhone.Deploy.0 = Release|Any CPU
		{F9DA70E9-453F-4BAF-8690-B13468AABA67}.Release|iPhoneSimulator.ActiveCfg = Release|Any CPU
		{F9DA70E9-453F-4BAF-8690-B13468AABA67}.Release|iPhoneSimulator.Build.0 = Release|Any CPU
		{F9DA70E9-453F-4BAF-8690-B13468AABA67}.Release|iPhoneSimulator.Deploy.0 = Release|Any CPU
		{F9DA70E9-453F-4BAF-8690-B13468AABA67}.Release|x64.ActiveCfg = Release|x64
		{F9DA70E9-453F-4BAF-8690-B13468AABA67}.Release|x64.Build.0 = Release|x64
		{F9DA70E9-453F-4BAF-8690-B13468AABA67}.Release|x64.Deploy.0 = Release|x64
		{F9DA70E9-453F-4BAF-8690-B13468AABA67}.Release|x86.ActiveCfg = Release|x86
		{F9DA70E9-453F-4BAF-8690-B13468AABA67}.Release|x86.Build.0 = Release|x86
		{F9DA70E9-453F-4BAF-8690-B13468AABA67}.Release|x86.Deploy.0 = Release|x86
		{402031CD-BE08-45D9-8211-3FDA23291B7B}.Ad-Hoc|Any CPU.ActiveCfg = Release|Any CPU
		{402031CD-BE08-45D9-8211-3FDA23291B7B}.Ad-Hoc|Any CPU.Build.0 = Release|Any CPU
		{402031CD-BE08-45D9-8211-3FDA23291B7B}.Ad-Hoc|ARM.ActiveCfg = Release|Any CPU
		{402031CD-BE08-45D9-8211-3FDA23291B7B}.Ad-Hoc|ARM.Build.0 = Release|Any CPU
		{402031CD-BE08-45D9-8211-3FDA23291B7B}.Ad-Hoc|iPhone.ActiveCfg = Release|Any CPU
		{402031CD-BE08-45D9-8211-3FDA23291B7B}.Ad-Hoc|iPhone.Build.0 = Release|Any CPU
		{402031CD-BE08-45D9-8211-3FDA23291B7B}.Ad-Hoc|iPhoneSimulator.ActiveCfg = Release|Any CPU
		{402031CD-BE08-45D9-8211-3FDA23291B7B}.Ad-Hoc|iPhoneSimulator.Build.0 = Release|Any CPU
		{402031CD-BE08-45D9-8211-3FDA23291B7B}.Ad-Hoc|x64.ActiveCfg = Release|Any CPU
		{402031CD-BE08-45D9-8211-3FDA23291B7B}.Ad-Hoc|x64.Build.0 = Release|Any CPU
		{402031CD-BE08-45D9-8211-3FDA23291B7B}.Ad-Hoc|x86.ActiveCfg = Release|Any CPU
		{402031CD-BE08-45D9-8211-3FDA23291B7B}.Ad-Hoc|x86.Build.0 = Release|Any CPU
		{402031CD-BE08-45D9-8211-3FDA23291B7B}.AppStore|Any CPU.ActiveCfg = Release|Any CPU
		{402031CD-BE08-45D9-8211-3FDA23291B7B}.AppStore|Any CPU.Build.0 = Release|Any CPU
		{402031CD-BE08-45D9-8211-3FDA23291B7B}.AppStore|ARM.ActiveCfg = Release|Any CPU
		{402031CD-BE08-45D9-8211-3FDA23291B7B}.AppStore|ARM.Build.0 = Release|Any CPU
		{402031CD-BE08-45D9-8211-3FDA23291B7B}.AppStore|iPhone.ActiveCfg = Release|Any CPU
		{402031CD-BE08-45D9-8211-3FDA23291B7B}.AppStore|iPhone.Build.0 = Release|Any CPU
		{402031CD-BE08-45D9-8211-3FDA23291B7B}.AppStore|iPhoneSimulator.ActiveCfg = Release|Any CPU
		{402031CD-BE08-45D9-8211-3FDA23291B7B}.AppStore|iPhoneSimulator.Build.0 = Release|Any CPU
		{402031CD-BE08-45D9-8211-3FDA23291B7B}.AppStore|x64.ActiveCfg = Release|Any CPU
		{402031CD-BE08-45D9-8211-3FDA23291B7B}.AppStore|x64.Build.0 = Release|Any CPU
		{402031CD-BE08-45D9-8211-3FDA23291B7B}.AppStore|x86.ActiveCfg = Release|Any CPU
		{402031CD-BE08-45D9-8211-3FDA23291B7B}.AppStore|x86.Build.0 = Release|Any CPU
		{402031CD-BE08-45D9-8211-3FDA23291B7B}.Debug|Any CPU.ActiveCfg = Debug|Any CPU
		{402031CD-BE08-45D9-8211-3FDA23291B7B}.Debug|Any CPU.Build.0 = Debug|Any CPU
		{402031CD-BE08-45D9-8211-3FDA23291B7B}.Debug|ARM.ActiveCfg = Debug|Any CPU
		{402031CD-BE08-45D9-8211-3FDA23291B7B}.Debug|ARM.Build.0 = Debug|Any CPU
		{402031CD-BE08-45D9-8211-3FDA23291B7B}.Debug|iPhone.ActiveCfg = Debug|Any CPU
		{402031CD-BE08-45D9-8211-3FDA23291B7B}.Debug|iPhone.Build.0 = Debug|Any CPU
		{402031CD-BE08-45D9-8211-3FDA23291B7B}.Debug|iPhoneSimulator.ActiveCfg = Debug|Any CPU
		{402031CD-BE08-45D9-8211-3FDA23291B7B}.Debug|iPhoneSimulator.Build.0 = Debug|Any CPU
		{402031CD-BE08-45D9-8211-3FDA23291B7B}.Debug|x64.ActiveCfg = Debug|Any CPU
		{402031CD-BE08-45D9-8211-3FDA23291B7B}.Debug|x64.Build.0 = Debug|Any CPU
		{402031CD-BE08-45D9-8211-3FDA23291B7B}.Debug|x86.ActiveCfg = Debug|Any CPU
		{402031CD-BE08-45D9-8211-3FDA23291B7B}.Debug|x86.Build.0 = Debug|Any CPU
		{402031CD-BE08-45D9-8211-3FDA23291B7B}.Release|Any CPU.ActiveCfg = Release|Any CPU
		{402031CD-BE08-45D9-8211-3FDA23291B7B}.Release|Any CPU.Build.0 = Release|Any CPU
		{402031CD-BE08-45D9-8211-3FDA23291B7B}.Release|ARM.ActiveCfg = Release|Any CPU
		{402031CD-BE08-45D9-8211-3FDA23291B7B}.Release|ARM.Build.0 = Release|Any CPU
		{402031CD-BE08-45D9-8211-3FDA23291B7B}.Release|iPhone.ActiveCfg = Release|Any CPU
		{402031CD-BE08-45D9-8211-3FDA23291B7B}.Release|iPhone.Build.0 = Release|Any CPU
		{402031CD-BE08-45D9-8211-3FDA23291B7B}.Release|iPhoneSimulator.ActiveCfg = Release|Any CPU
		{402031CD-BE08-45D9-8211-3FDA23291B7B}.Release|iPhoneSimulator.Build.0 = Release|Any CPU
		{402031CD-BE08-45D9-8211-3FDA23291B7B}.Release|x64.ActiveCfg = Release|Any CPU
		{402031CD-BE08-45D9-8211-3FDA23291B7B}.Release|x64.Build.0 = Release|Any CPU
		{402031CD-BE08-45D9-8211-3FDA23291B7B}.Release|x86.ActiveCfg = Release|Any CPU
		{402031CD-BE08-45D9-8211-3FDA23291B7B}.Release|x86.Build.0 = Release|Any CPU
	EndGlobalSection
	GlobalSection(SolutionProperties) = preSolution
		HideSolutionNode = FALSE
	EndGlobalSection
EndGlobal
